
Microsoft Visual Studio Solution File, Format Version 12.00
# Visual Studio Version 17
VisualStudioVersion = 17.14.36310.24 d17.14
MinimumVisualStudioVersion = 10.0.40219.1
Project("{FAE04EC0-301F-11D3-BF4B-00C04F79EFBC}") = "CalcFunci", "CalcFunci\CalcFunci.csproj", "{0AA664E5-5B2C-4AAB-B1AE-A88AAC3F8C85}"
EndProject
Global
	GlobalSection(SolutionConfigurationPlatforms) = preSolution
		Debug|Any CPU = Debug|Any CPU
		Release|Any CPU = Release|Any CPU
	EndGlobalSection
	GlobalSection(ProjectConfigurationPlatforms) = postSolution
		{0AA664E5-5B2C-4AAB-B1AE-A88AAC3F8C85}.Debug|Any CPU.ActiveCfg = Debug|Any CPU
		{0AA664E5-5B2C-4AAB-B1AE-A88AAC3F8C85}.Debug|Any CPU.Build.0 = Debug|Any CPU
		{0AA664E5-5B2C-4AAB-B1AE-A88AAC3F8C85}.Release|Any CPU.ActiveCfg = Release|Any CPU
		{0AA664E5-5B2C-4AAB-B1AE-A88AAC3F8C85}.Release|Any CPU.Build.0 = Release|Any CPU
	EndGlobalSection
	GlobalSection(SolutionProperties) = preSolution
		HideSolutionNode = FALSE
	EndGlobalSection
	GlobalSection(ExtensibilityGlobals) = postSolution
		SolutionGuid = {04D45F2A-366A-4A8B-86F9-5AFBA30E6128}
	EndGlobalSection
EndGlobal
