
Microsoft Visual Studio Solution File, Format Version 12.00
# Visual Studio Version 17
VisualStudioVersion = 17.14.36310.24 d17.14
MinimumVisualStudioVersion = 10.0.40219.1
Project("{FAE04EC0-301F-11D3-BF4B-00C04F79EFBC}") = "10X10 MATRIX", "10X10 MATRIX\10X10 MATRIX.csproj", "{EE7E409B-2A89-4913-9417-3D960B749FF4}"
EndProject
Global
	GlobalSection(SolutionConfigurationPlatforms) = preSolution
		Debug|Any CPU = Debug|Any CPU
		Release|Any CPU = Release|Any CPU
	EndGlobalSection
	GlobalSection(ProjectConfigurationPlatforms) = postSolution
		{EE7E409B-2A89-4913-9417-3D960B749FF4}.Debug|Any CPU.ActiveCfg = Debug|Any CPU
		{EE7E409B-2A89-4913-9417-3D960B749FF4}.Debug|Any CPU.Build.0 = Debug|Any CPU
		{EE7E409B-2A89-4913-9417-3D960B749FF4}.Release|Any CPU.ActiveCfg = Release|Any CPU
		{EE7E409B-2A89-4913-9417-3D960B749FF4}.Release|Any CPU.Build.0 = Release|Any CPU
	EndGlobalSection
	GlobalSection(SolutionProperties) = preSolution
		HideSolutionNode = FALSE
	EndGlobalSection
	GlobalSection(ExtensibilityGlobals) = postSolution
		SolutionGuid = {5A07055E-0A0C-4DC6-B509-A562FDDB4141}
	EndGlobalSection
EndGlobal
